Microsoft Visual Studio Solution File, Format Version 12.00
# Visual Studio Version 17
VisualStudioVersion = 17.0.31903.59
MinimumVisualStudioVersion = 10.0.40219.1

Project("{2150E333-8FDC-42A3-9474-1A3956D46DE8}") = "src", "src", "{DE7214E5-E618-4497-8FD0-3FDEF3735F92}"
EndProject
Project("{2150E333-8FDC-42A3-9474-1A3956D46DE8}") = "Modules", "Modules", "{717C7E30-CF91-4F3F-990E-D343F0BD05E3}"
EndProject
Project("{2150E333-8FDC-42A3-9474-1A3956D46DE8}") = "tests", "tests", "{35765965-F2A6-4A1B-BAD1-1461BB65B3F6}"
EndProject

Project("{FAE04EC0-301F-11D3-BF4B-00C04F79EFBC}") = "PesaGraph.Api", "src\PesaGraph.Api\PesaGraph.Api.csproj", "{B5A75C56-8D9A-4134-9D0F-29650F79E1B7}"
EndProject
Project("{FAE04EC0-301F-11D3-BF4B-00C04F79EFBC}") = "PesaGraph.Workers", "src\PesaGraph.Workers\PesaGraph.Workers.csproj", "{FF655CB5-45B2-473D-80AE-32C9DDB36438}"
EndProject
Project("{FAE04EC0-301F-11D3-BF4B-00C04F79EFBC}") = "PesaGraph.Shared", "src\PesaGraph.Shared\PesaGraph.Shared.csproj", "{429DFE94-00AE-437B-841D-75E8349E5E38}"
EndProject
Project("{FAE04EC0-301F-11D3-BF4B-00C04F79EFBC}") = "PesaGraph.Infrastructure", "src\PesaGraph.Infrastructure\PesaGraph.Infrastructure.csproj", "{9106D3D4-2A01-4651-BF0D-EF8570BDB61B}"
EndProject

Project("{FAE04EC0-301F-11D3-BF4B-00C04F79EFBC}") = "PesaGraph.Tenancy", "src\PesaGraph.Modules\Tenancy\PesaGraph.Tenancy.csproj", "{C4928AB5-EFE4-4799-8457-B8F4F653B839}"
EndProject
Project("{FAE04EC0-301F-11D3-BF4B-00C04F79EFBC}") = "PesaGraph.Providers", "src\PesaGraph.Modules\Providers\PesaGraph.Providers.csproj", "{D76C1C22-0966-4A46-ACEC-69C350C49A15}"
EndProject
Project("{FAE04EC0-301F-11D3-BF4B-00C04F79EFBC}") = "PesaGraph.Ingestion", "src\PesaGraph.Modules\Ingestion\PesaGraph.Ingestion.csproj", "{0956CC62-9B3B-4E21-AF9F-F9BDD0C030CA}"
EndProject
Project("{FAE04EC0-301F-11D3-BF4B-00C04F79EFBC}") = "PesaGraph.Ledger", "src\PesaGraph.Modules\Ledger\PesaGraph.Ledger.csproj", "{5C34774E-3C5C-4366-8EF7-05E379617A5A}"
EndProject
Project("{FAE04EC0-301F-11D3-BF4B-00C04F79EFBC}") = "PesaGraph.Reconciliation", "src\PesaGraph.Modules\Reconciliation\PesaGraph.Reconciliation.csproj", "{A85C378B-306D-4B38-8DB1-3DE0525FCF45}"
EndProject
Project("{FAE04EC0-301F-11D3-BF4B-00C04F79EFBC}") = "PesaGraph.Liquidity", "src\PesaGraph.Modules\Liquidity\PesaGraph.Liquidity.csproj", "{DFA79AF8-001D-40BD-8AA8-0268F962E391}"
EndProject
Project("{FAE04EC0-301F-11D3-BF4B-00C04F79EFBC}") = "PesaGraph.Conversational", "src\PesaGraph.Modules\Conversational\PesaGraph.Conversational.csproj", "{FEEBB4C4-DFF4-4DCA-9166-E3E85E3F0595}"
EndProject
Project("{FAE04EC0-301F-11D3-BF4B-00C04F79EFBC}") = "PesaGraph.Notifications", "src\PesaGraph.Modules\Notifications\PesaGraph.Notifications.csproj", "{C3E15D92-E5BC-431B-84E7-5F93DFF388BF}"
EndProject
Project("{FAE04EC0-301F-11D3-BF4B-00C04F79EFBC}") = "PesaGraph.Audit", "src\PesaGraph.Modules\Audit\PesaGraph.Audit.csproj", "{3091C2C5-C130-4D6B-A104-4F4B0817FF73}"
EndProject

Project("{FAE04EC0-301F-11D3-BF4B-00C04F79EFBC}") = "PesaGraph.UnitTests", "tests\PesaGraph.UnitTests\PesaGraph.UnitTests.csproj", "{D53500BC-22B8-4D4F-9051-E9D7710FB47F}"
EndProject
Project("{FAE04EC0-301F-11D3-BF4B-00C04F79EFBC}") = "PesaGraph.IntegrationTests", "tests\PesaGraph.IntegrationTests\PesaGraph.IntegrationTests.csproj", "{02953E4C-97CC-49F1-9459-B91904789F38}"
EndProject
Project("{FAE04EC0-301F-11D3-BF4B-00C04F79EFBC}") = "PesaGraph.ArchitectureTests", "tests\PesaGraph.ArchitectureTests\PesaGraph.ArchitectureTests.csproj", "{9F5DC2FF-DD58-45EB-87AD-ACA26888C651}"
EndProject

Global
	GlobalSection(SolutionConfigurationPlatforms) = preSolution
		Debug|Any CPU = Debug|Any CPU
		Release|Any CPU = Release|Any CPU
	EndGlobalSection
	GlobalSection(ProjectConfigurationPlatforms) = postSolution
		{B5A75C56-8D9A-4134-9D0F-29650F79E1B7}.Debug|Any CPU.ActiveCfg = Debug|Any CPU
		{B5A75C56-8D9A-4134-9D0F-29650F79E1B7}.Debug|Any CPU.Build.0 = Debug|Any CPU
		{B5A75C56-8D9A-4134-9D0F-29650F79E1B7}.Release|Any CPU.ActiveCfg = Release|Any CPU
		{B5A75C56-8D9A-4134-9D0F-29650F79E1B7}.Release|Any CPU.Build.0 = Release|Any CPU
		{FF655CB5-45B2-473D-80AE-32C9DDB36438}.Debug|Any CPU.ActiveCfg = Debug|Any CPU
		{FF655CB5-45B2-473D-80AE-32C9DDB36438}.Debug|Any CPU.Build.0 = Debug|Any CPU
		{FF655CB5-45B2-473D-80AE-32C9DDB36438}.Release|Any CPU.ActiveCfg = Release|Any CPU
		{FF655CB5-45B2-473D-80AE-32C9DDB36438}.Release|Any CPU.Build.0 = Release|Any CPU
		{429DFE94-00AE-437B-841D-75E8349E5E38}.Debug|Any CPU.ActiveCfg = Debug|Any CPU
		{429DFE94-00AE-437B-841D-75E8349E5E38}.Debug|Any CPU.Build.0 = Debug|Any CPU
		{429DFE94-00AE-437B-841D-75E8349E5E38}.Release|Any CPU.ActiveCfg = Release|Any CPU
		{429DFE94-00AE-437B-841D-75E8349E5E38}.Release|Any CPU.Build.0 = Release|Any CPU
		{9106D3D4-2A01-4651-BF0D-EF8570BDB61B}.Debug|Any CPU.ActiveCfg = Debug|Any CPU
		{9106D3D4-2A01-4651-BF0D-EF8570BDB61B}.Debug|Any CPU.Build.0 = Debug|Any CPU
		{9106D3D4-2A01-4651-BF0D-EF8570BDB61B}.Release|Any CPU.ActiveCfg = Release|Any CPU
		{9106D3D4-2A01-4651-BF0D-EF8570BDB61B}.Release|Any CPU.Build.0 = Release|Any CPU
		{C4928AB5-EFE4-4799-8457-B8F4F653B839}.Debug|Any CPU.ActiveCfg = Debug|Any CPU
		{C4928AB5-EFE4-4799-8457-B8F4F653B839}.Debug|Any CPU.Build.0 = Debug|Any CPU
		{C4928AB5-EFE4-4799-8457-B8F4F653B839}.Release|Any CPU.ActiveCfg = Release|Any CPU
		{C4928AB5-EFE4-4799-8457-B8F4F653B839}.Release|Any CPU.Build.0 = Release|Any CPU
		{D76C1C22-0966-4A46-ACEC-69C350C49A15}.Debug|Any CPU.ActiveCfg = Debug|Any CPU
		{D76C1C22-0966-4A46-ACEC-69C350C49A15}.Debug|Any CPU.Build.0 = Debug|Any CPU
		{D76C1C22-0966-4A46-ACEC-69C350C49A15}.Release|Any CPU.ActiveCfg = Release|Any CPU
		{D76C1C22-0966-4A46-ACEC-69C350C49A15}.Release|Any CPU.Build.0 = Release|Any CPU
		{0956CC62-9B3B-4E21-AF9F-F9BDD0C030CA}.Debug|Any CPU.ActiveCfg = Debug|Any CPU
		{0956CC62-9B3B-4E21-AF9F-F9BDD0C030CA}.Debug|Any CPU.Build.0 = Debug|Any CPU
		{0956CC62-9B3B-4E21-AF9F-F9BDD0C030CA}.Release|Any CPU.ActiveCfg = Release|Any CPU
		{0956CC62-9B3B-4E21-AF9F-F9BDD0C030CA}.Release|Any CPU.Build.0 = Release|Any CPU
		{5C34774E-3C5C-4366-8EF7-05E379617A5A}.Debug|Any CPU.ActiveCfg = Debug|Any CPU
		{5C34774E-3C5C-4366-8EF7-05E379617A5A}.Debug|Any CPU.Build.0 = Debug|Any CPU
		{5C34774E-3C5C-4366-8EF7-05E379617A5A}.Release|Any CPU.ActiveCfg = Release|Any CPU
		{5C34774E-3C5C-4366-8EF7-05E379617A5A}.Release|Any CPU.Build.0 = Release|Any CPU
		{A85C378B-306D-4B38-8DB1-3DE0525FCF45}.Debug|Any CPU.ActiveCfg = Debug|Any CPU
		{A85C378B-306D-4B38-8DB1-3DE0525FCF45}.Debug|Any CPU.Build.0 = Debug|Any CPU
		{A85C378B-306D-4B38-8DB1-3DE0525FCF45}.Release|Any CPU.ActiveCfg = Release|Any CPU
		{A85C378B-306D-4B38-8DB1-3DE0525FCF45}.Release|Any CPU.Build.0 = Release|Any CPU
		{DFA79AF8-001D-40BD-8AA8-0268F962E391}.Debug|Any CPU.ActiveCfg = Debug|Any CPU
		{DFA79AF8-001D-40BD-8AA8-0268F962E391}.Debug|Any CPU.Build.0 = Debug|Any CPU
		{DFA79AF8-001D-40BD-8AA8-0268F962E391}.Release|Any CPU.ActiveCfg = Release|Any CPU
		{DFA79AF8-001D-40BD-8AA8-0268F962E391}.Release|Any CPU.Build.0 = Release|Any CPU
		{FEEBB4C4-DFF4-4DCA-9166-E3E85E3F0595}.Debug|Any CPU.ActiveCfg = Debug|Any CPU
		{FEEBB4C4-DFF4-4DCA-9166-E3E85E3F0595}.Debug|Any CPU.Build.0 = Debug|Any CPU
		{FEEBB4C4-DFF4-4DCA-9166-E3E85E3F0595}.Release|Any CPU.ActiveCfg = Release|Any CPU
		{FEEBB4C4-DFF4-4DCA-9166-E3E85E3F0595}.Release|Any CPU.Build.0 = Release|Any CPU
		{C3E15D92-E5BC-431B-84E7-5F93DFF388BF}.Debug|Any CPU.ActiveCfg = Debug|Any CPU
		{C3E15D92-E5BC-431B-84E7-5F93DFF388BF}.Debug|Any CPU.Build.0 = Debug|Any CPU
		{C3E15D92-E5BC-431B-84E7-5F93DFF388BF}.Release|Any CPU.ActiveCfg = Release|Any CPU
		{C3E15D92-E5BC-431B-84E7-5F93DFF388BF}.Release|Any CPU.Build.0 = Release|Any CPU
		{3091C2C5-C130-4D6B-A104-4F4B0817FF73}.Debug|Any CPU.ActiveCfg = Debug|Any CPU
		{3091C2C5-C130-4D6B-A104-4F4B0817FF73}.Debug|Any CPU.Build.0 = Debug|Any CPU
		{3091C2C5-C130-4D6B-A104-4F4B0817FF73}.Release|Any CPU.ActiveCfg = Release|Any CPU
		{3091C2C5-C130-4D6B-A104-4F4B0817FF73}.Release|Any CPU.Build.0 = Release|Any CPU
		{D53500BC-22B8-4D4F-9051-E9D7710FB47F}.Debug|Any CPU.ActiveCfg = Debug|Any CPU
		{D53500BC-22B8-4D4F-9051-E9D7710FB47F}.Debug|Any CPU.Build.0 = Debug|Any CPU
		{D53500BC-22B8-4D4F-9051-E9D7710FB47F}.Release|Any CPU.ActiveCfg = Release|Any CPU
		{D53500BC-22B8-4D4F-9051-E9D7710FB47F}.Release|Any CPU.Build.0 = Release|Any CPU
		{02953E4C-97CC-49F1-9459-B91904789F38}.Debug|Any CPU.ActiveCfg = Debug|Any CPU
		{02953E4C-97CC-49F1-9459-B91904789F38}.Debug|Any CPU.Build.0 = Debug|Any CPU
		{02953E4C-97CC-49F1-9459-B91904789F38}.Release|Any CPU.ActiveCfg = Release|Any CPU
		{02953E4C-97CC-49F1-9459-B91904789F38}.Release|Any CPU.Build.0 = Release|Any CPU
		{9F5DC2FF-DD58-45EB-87AD-ACA26888C651}.Debug|Any CPU.ActiveCfg = Debug|Any CPU
		{9F5DC2FF-DD58-45EB-87AD-ACA26888C651}.Debug|Any CPU.Build.0 = Debug|Any CPU
		{9F5DC2FF-DD58-45EB-87AD-ACA26888C651}.Release|Any CPU.ActiveCfg = Release|Any CPU
		{9F5DC2FF-DD58-45EB-87AD-ACA26888C651}.Release|Any CPU.Build.0 = Release|Any CPU
	EndGlobalSection
	GlobalSection(SolutionProperties) = preSolution
		HideSolutionNode = FALSE
	EndGlobalSection
	GlobalSection(NestedProjects) = preSolution
		{B5A75C56-8D9A-4134-9D0F-29650F79E1B7} = {DE7214E5-E618-4497-8FD0-3FDEF3735F92}
		{FF655CB5-45B2-473D-80AE-32C9DDB36438} = {DE7214E5-E618-4497-8FD0-3FDEF3735F92}
		{429DFE94-00AE-437B-841D-75E8349E5E38} = {DE7214E5-E618-4497-8FD0-3FDEF3735F92}
		{9106D3D4-2A01-4651-BF0D-EF8570BDB61B} = {DE7214E5-E618-4497-8FD0-3FDEF3735F92}
		{717C7E30-CF91-4F3F-990E-D343F0BD05E3} = {DE7214E5-E618-4497-8FD0-3FDEF3735F92}
		{C4928AB5-EFE4-4799-8457-B8F4F653B839} = {717C7E30-CF91-4F3F-990E-D343F0BD05E3}
		{D76C1C22-0966-4A46-ACEC-69C350C49A15} = {717C7E30-CF91-4F3F-990E-D343F0BD05E3}
		{0956CC62-9B3B-4E21-AF9F-F9BDD0C030CA} = {717C7E30-CF91-4F3F-990E-D343F0BD05E3}
		{5C34774E-3C5C-4366-8EF7-05E379617A5A} = {717C7E30-CF91-4F3F-990E-D343F0BD05E3}
		{A85C378B-306D-4B38-8DB1-3DE0525FCF45} = {717C7E30-CF91-4F3F-990E-D343F0BD05E3}
		{DFA79AF8-001D-40BD-8AA8-0268F962E391} = {717C7E30-CF91-4F3F-990E-D343F0BD05E3}
		{FEEBB4C4-DFF4-4DCA-9166-E3E85E3F0595} = {717C7E30-CF91-4F3F-990E-D343F0BD05E3}
		{C3E15D92-E5BC-431B-84E7-5F93DFF388BF} = {717C7E30-CF91-4F3F-990E-D343F0BD05E3}
		{3091C2C5-C130-4D6B-A104-4F4B0817FF73} = {717C7E30-CF91-4F3F-990E-D343F0BD05E3}
		{D53500BC-22B8-4D4F-9051-E9D7710FB47F} = {35765965-F2A6-4A1B-BAD1-1461BB65B3F6}
		{02953E4C-97CC-49F1-9459-B91904789F38} = {35765965-F2A6-4A1B-BAD1-1461BB65B3F6}
		{9F5DC2FF-DD58-45EB-87AD-ACA26888C651} = {35765965-F2A6-4A1B-BAD1-1461BB65B3F6}
	EndGlobalSection
	GlobalSection(ExtensibilityGlobals) = postSolution
		SolutionGuid = {{95178643-25F7-47B6-8823-D694F06D2F78}}
	EndGlobalSection
EndGlobal
